
Microsoft Visual Studio Solution File, Format Version 12.00
# Visual Studio Version 17
VisualStudioVersion = 17.14.36301.6
MinimumVisualStudioVersion = 10.0.40219.1
Project("{FAE04EC0-301F-11D3-BF4B-00C04F79EFBC}") = "TutorDrive", "BEAPI\TutorDrive.csproj", "{EF0706E6-DF89-4A26-ADC9-6D083E3F7082}"
EndProject
Global
	GlobalSection(SolutionConfigurationPlatforms) = preSolution
		Debug|Any CPU = Debug|Any CPU
		Release|Any CPU = Release|Any CPU
	EndGlobalSection
	GlobalSection(ProjectConfigurationPlatforms) = postSolution
		{EF0706E6-DF89-4A26-ADC9-6D083E3F7082}.Debug|Any CPU.ActiveCfg = Debug|Any CPU
		{EF0706E6-DF89-4A26-ADC9-6D083E3F7082}.Debug|Any CPU.Build.0 = Debug|Any CPU
		{EF0706E6-DF89-4A26-ADC9-6D083E3F7082}.Release|Any CPU.ActiveCfg = Release|Any CPU
		{EF0706E6-DF89-4A26-ADC9-6D083E3F7082}.Release|Any CPU.Build.0 = Release|Any CPU
	EndGlobalSection
	GlobalSection(SolutionProperties) = preSolution
		HideSolutionNode = FALSE
	EndGlobalSection
	GlobalSection(ExtensibilityGlobals) = postSolution
		SolutionGuid = {88BFBC12-A00F-455B-92E1-4F366C1A35B6}
	EndGlobalSection
EndGlobal
