
Microsoft Visual Studio Solution File, Format Version 12.00
# Visual Studio Version 17
VisualStudioVersion = 17.14.36408.4
MinimumVisualStudioVersion = 10.0.40219.1
Project("{FAE04EC0-301F-11D3-BF4B-00C04F79EFBC}") = "TutorDrive", "TutorDrive\TutorDrive.csproj", "{EEBEF9F1-3BF8-3556-21BF-441DE4A293C5}"
EndProject
Project("{FAE04EC0-301F-11D3-BF4B-00C04F79EFBC}") = "TutorDriveTest", "TutorDriveTest\TutorDriveTest.csproj", "{62A0AABA-45DA-48FC-89D6-0DF86E0300E2}"
EndProject
Global
	GlobalSection(SolutionConfigurationPlatforms) = preSolution
		Debug|Any CPU = Debug|Any CPU
		Release|Any CPU = Release|Any CPU
	EndGlobalSection
	GlobalSection(ProjectConfigurationPlatforms) = postSolution
		{EEBEF9F1-3BF8-3556-21BF-441DE4A293C5}.Debug|Any CPU.ActiveCfg = Debug|Any CPU
		{EEBEF9F1-3BF8-3556-21BF-441DE4A293C5}.Debug|Any CPU.Build.0 = Debug|Any CPU
		{EEBEF9F1-3BF8-3556-21BF-441DE4A293C5}.Release|Any CPU.ActiveCfg = Release|Any CPU
		{EEBEF9F1-3BF8-3556-21BF-441DE4A293C5}.Release|Any CPU.Build.0 = Release|Any CPU
		{62A0AABA-45DA-48FC-89D6-0DF86E0300E2}.Debug|Any CPU.ActiveCfg = Debug|Any CPU
		{62A0AABA-45DA-48FC-89D6-0DF86E0300E2}.Debug|Any CPU.Build.0 = Debug|Any CPU
		{62A0AABA-45DA-48FC-89D6-0DF86E0300E2}.Release|Any CPU.ActiveCfg = Release|Any CPU
		{62A0AABA-45DA-48FC-89D6-0DF86E0300E2}.Release|Any CPU.Build.0 = Release|Any CPU
	EndGlobalSection
	GlobalSection(SolutionProperties) = preSolution
		HideSolutionNode = FALSE
	EndGlobalSection
	GlobalSection(ExtensibilityGlobals) = postSolution
		SolutionGuid = {3C858270-F4CD-4F7C-9E12-63A0F549CDAE}
	EndGlobalSection
EndGlobal
